
Microsoft Visual Studio Solution File, Format Version 12.00
# Visual Studio 15
VisualStudioVersion = 15.0.28010.2041
MinimumVisualStudioVersion = 10.0.40219.1
Project("{9A19103F-16F7-4668-BE54-9A1E7A4F7556}") = "OnlineStore", "OnlineStore\OnlineStore.csproj", "{841926CE-C75A-4993-833B-BC168A7CDD20}"
EndProject
Project("{FAE04EC0-301F-11D3-BF4B-00C04F79EFBC}") = "OnlineStore.consolApp", "OnlineStore.consolApp\OnlineStore.consolApp.csproj", "{0F0EF653-16B8-4502-AB27-0542ADB66B33}"
EndProject
Project("{FAE04EC0-301F-11D3-BF4B-00C04F79EFBC}") = "Common", "Common\Common.csproj", "{B1D1ECDA-9453-408C-B7A2-58DD726F98E7}"
EndProject
Project("{FAE04EC0-301F-11D3-BF4B-00C04F79EFBC}") = "Common.Test", "Common.Test\Common.Test.csproj", "{7552C387-ABA6-482D-833F-46FECCFA9D14}"
EndProject
Global
	GlobalSection(SolutionConfigurationPlatforms) = preSolution
		Debug|Any CPU = Debug|Any CPU
		Release|Any CPU = Release|Any CPU
	EndGlobalSection
	GlobalSection(ProjectConfigurationPlatforms) = postSolution
		{841926CE-C75A-4993-833B-BC168A7CDD20}.Debug|Any CPU.ActiveCfg = Debug|Any CPU
		{841926CE-C75A-4993-833B-BC168A7CDD20}.Debug|Any CPU.Build.0 = Debug|Any CPU
		{841926CE-C75A-4993-833B-BC168A7CDD20}.Release|Any CPU.ActiveCfg = Release|Any CPU
		{841926CE-C75A-4993-833B-BC168A7CDD20}.Release|Any CPU.Build.0 = Release|Any CPU
		{0F0EF653-16B8-4502-AB27-0542ADB66B33}.Debug|Any CPU.ActiveCfg = Debug|Any CPU
		{0F0EF653-16B8-4502-AB27-0542ADB66B33}.Debug|Any CPU.Build.0 = Debug|Any CPU
		{0F0EF653-16B8-4502-AB27-0542ADB66B33}.Release|Any CPU.ActiveCfg = Release|Any CPU
		{0F0EF653-16B8-4502-AB27-0542ADB66B33}.Release|Any CPU.Build.0 = Release|Any CPU
		{B1D1ECDA-9453-408C-B7A2-58DD726F98E7}.Debug|Any CPU.ActiveCfg = Debug|Any CPU
		{B1D1ECDA-9453-408C-B7A2-58DD726F98E7}.Debug|Any CPU.Build.0 = Debug|Any CPU
		{B1D1ECDA-9453-408C-B7A2-58DD726F98E7}.Release|Any CPU.ActiveCfg = Release|Any CPU
		{B1D1ECDA-9453-408C-B7A2-58DD726F98E7}.Release|Any CPU.Build.0 = Release|Any CPU
		{7552C387-ABA6-482D-833F-46FECCFA9D14}.Debug|Any CPU.ActiveCfg = Debug|Any CPU
		{7552C387-ABA6-482D-833F-46FECCFA9D14}.Debug|Any CPU.Build.0 = Debug|Any CPU
		{7552C387-ABA6-482D-833F-46FECCFA9D14}.Release|Any CPU.ActiveCfg = Release|Any CPU
		{7552C387-ABA6-482D-833F-46FECCFA9D14}.Release|Any CPU.Build.0 = Release|Any CPU
	EndGlobalSection
	GlobalSection(SolutionProperties) = preSolution
		HideSolutionNode = FALSE
	EndGlobalSection
	GlobalSection(ExtensibilityGlobals) = postSolution
		SolutionGuid = {0F5F475A-2A47-4FFB-8832-C3AA00B1DE0F}
	EndGlobalSection
EndGlobal
