
Microsoft Visual Studio Solution File, Format Version 12.00
# Visual Studio 15
VisualStudioVersion = 15.0.27428.2027
MinimumVisualStudioVersion = 10.0.40219.1
Project("{FAE04EC0-301F-11D3-BF4B-00C04F79EFBC}") = "Ovning8.1Chocolate", "Ovning8.1Chocolate\Ovning8.1Chocolate.csproj", "{265FF9B8-90BC-431A-A28C-977DA3526C93}"
EndProject
Global
	GlobalSection(SolutionConfigurationPlatforms) = preSolution
		Debug|Any CPU = Debug|Any CPU
		Release|Any CPU = Release|Any CPU
	EndGlobalSection
	GlobalSection(ProjectConfigurationPlatforms) = postSolution
		{265FF9B8-90BC-431A-A28C-977DA3526C93}.Debug|Any CPU.ActiveCfg = Debug|Any CPU
		{265FF9B8-90BC-431A-A28C-977DA3526C93}.Debug|Any CPU.Build.0 = Debug|Any CPU
		{265FF9B8-90BC-431A-A28C-977DA3526C93}.Release|Any CPU.ActiveCfg = Release|Any CPU
		{265FF9B8-90BC-431A-A28C-977DA3526C93}.Release|Any CPU.Build.0 = Release|Any CPU
	EndGlobalSection
	GlobalSection(SolutionProperties) = preSolution
		HideSolutionNode = FALSE
	EndGlobalSection
	GlobalSection(ExtensibilityGlobals) = postSolution
		SolutionGuid = {92A2E28E-BB23-4F7F-9472-3020A04FEA96}
	EndGlobalSection
EndGlobal
