
Microsoft Visual Studio Solution File, Format Version 12.00
# Visual Studio 15
VisualStudioVersion = 15.0.27428.2027
MinimumVisualStudioVersion = 10.0.40219.1
Project("{FAE04EC0-301F-11D3-BF4B-00C04F79EFBC}") = "Ovning 3.2 While", "Ovning 3.2 While\Ovning 3.2 While.csproj", "{21A428D4-8EBE-4208-BED5-63679990C506}"
EndProject
Global
	GlobalSection(SolutionConfigurationPlatforms) = preSolution
		Debug|Any CPU = Debug|Any CPU
		Release|Any CPU = Release|Any CPU
	EndGlobalSection
	GlobalSection(ProjectConfigurationPlatforms) = postSolution
		{21A428D4-8EBE-4208-BED5-63679990C506}.Debug|Any CPU.ActiveCfg = Debug|Any CPU
		{21A428D4-8EBE-4208-BED5-63679990C506}.Debug|Any CPU.Build.0 = Debug|Any CPU
		{21A428D4-8EBE-4208-BED5-63679990C506}.Release|Any CPU.ActiveCfg = Release|Any CPU
		{21A428D4-8EBE-4208-BED5-63679990C506}.Release|Any CPU.Build.0 = Release|Any CPU
	EndGlobalSection
	GlobalSection(SolutionProperties) = preSolution
		HideSolutionNode = FALSE
	EndGlobalSection
	GlobalSection(ExtensibilityGlobals) = postSolution
		SolutionGuid = {7F56E695-EA04-49BE-AACE-FD7702369152}
	EndGlobalSection
EndGlobal
