
Microsoft Visual Studio Solution File, Format Version 12.00
# Visual Studio 15
VisualStudioVersion = 15.0.27428.2027
MinimumVisualStudioVersion = 10.0.40219.1
Project("{FAE04EC0-301F-11D3-BF4B-00C04F79EFBC}") = "Ovning715", "Ovning716\Ovning715.csproj", "{023EA5B7-9283-4C4E-8954-36418BB1712F}"
EndProject
Global
	GlobalSection(SolutionConfigurationPlatforms) = preSolution
		Debug|Any CPU = Debug|Any CPU
		Release|Any CPU = Release|Any CPU
	EndGlobalSection
	GlobalSection(ProjectConfigurationPlatforms) = postSolution
		{023EA5B7-9283-4C4E-8954-36418BB1712F}.Debug|Any CPU.ActiveCfg = Debug|Any CPU
		{023EA5B7-9283-4C4E-8954-36418BB1712F}.Debug|Any CPU.Build.0 = Debug|Any CPU
		{023EA5B7-9283-4C4E-8954-36418BB1712F}.Release|Any CPU.ActiveCfg = Release|Any CPU
		{023EA5B7-9283-4C4E-8954-36418BB1712F}.Release|Any CPU.Build.0 = Release|Any CPU
	EndGlobalSection
	GlobalSection(SolutionProperties) = preSolution
		HideSolutionNode = FALSE
	EndGlobalSection
	GlobalSection(ExtensibilityGlobals) = postSolution
		SolutionGuid = {235DB461-8206-4C37-8974-CC7AEDA03AFA}
	EndGlobalSection
EndGlobal
