
Microsoft Visual Studio Solution File, Format Version 12.00
# Visual Studio 15
VisualStudioVersion = 15.0.27428.2027
MinimumVisualStudioVersion = 10.0.40219.1
Project("{FAE04EC0-301F-11D3-BF4B-00C04F79EFBC}") = "Exempel på Strings", "Exempel på Strings\Exempel på Strings.csproj", "{BD3D9A66-0478-4AAF-AD59-A247617E098C}"
EndProject
Global
	GlobalSection(SolutionConfigurationPlatforms) = preSolution
		Debug|Any CPU = Debug|Any CPU
		Release|Any CPU = Release|Any CPU
	EndGlobalSection
	GlobalSection(ProjectConfigurationPlatforms) = postSolution
		{BD3D9A66-0478-4AAF-AD59-A247617E098C}.Debug|Any CPU.ActiveCfg = Debug|Any CPU
		{BD3D9A66-0478-4AAF-AD59-A247617E098C}.Debug|Any CPU.Build.0 = Debug|Any CPU
		{BD3D9A66-0478-4AAF-AD59-A247617E098C}.Release|Any CPU.ActiveCfg = Release|Any CPU
		{BD3D9A66-0478-4AAF-AD59-A247617E098C}.Release|Any CPU.Build.0 = Release|Any CPU
	EndGlobalSection
	GlobalSection(SolutionProperties) = preSolution
		HideSolutionNode = FALSE
	EndGlobalSection
	GlobalSection(ExtensibilityGlobals) = postSolution
		SolutionGuid = {0ED2DD76-6B60-4CCD-BC3B-656DAB8A48E9}
	EndGlobalSection
EndGlobal
