
Microsoft Visual Studio Solution File, Format Version 12.00
# Visual Studio 15
VisualStudioVersion = 15.0.27428.2027
MinimumVisualStudioVersion = 10.0.40219.1
Project("{FAE04EC0-301F-11D3-BF4B-00C04F79EFBC}") = "Test4", "Test4\Test4.csproj", "{5985A502-1747-4765-B394-4FB5AF2FE79E}"
EndProject
Global
	GlobalSection(SolutionConfigurationPlatforms) = preSolution
		Debug|Any CPU = Debug|Any CPU
		Release|Any CPU = Release|Any CPU
	EndGlobalSection
	GlobalSection(ProjectConfigurationPlatforms) = postSolution
		{5985A502-1747-4765-B394-4FB5AF2FE79E}.Debug|Any CPU.ActiveCfg = Debug|Any CPU
		{5985A502-1747-4765-B394-4FB5AF2FE79E}.Debug|Any CPU.Build.0 = Debug|Any CPU
		{5985A502-1747-4765-B394-4FB5AF2FE79E}.Release|Any CPU.ActiveCfg = Release|Any CPU
		{5985A502-1747-4765-B394-4FB5AF2FE79E}.Release|Any CPU.Build.0 = Release|Any CPU
	EndGlobalSection
	GlobalSection(SolutionProperties) = preSolution
		HideSolutionNode = FALSE
	EndGlobalSection
	GlobalSection(ExtensibilityGlobals) = postSolution
		SolutionGuid = {EA79DA54-2B37-453E-AEE8-51527DD50CB4}
	EndGlobalSection
EndGlobal
