
Microsoft Visual Studio Solution File, Format Version 12.00
# Visual Studio 15
VisualStudioVersion = 15.0.27428.2027
MinimumVisualStudioVersion = 10.0.40219.1
Project("{FAE04EC0-301F-11D3-BF4B-00C04F79EFBC}") = "KlasserInstanserKonstruktorer", "KlasserInstanserKonstruktorer\KlasserInstanserKonstruktorer.csproj", "{BB8135FE-9723-4E83-B6BA-2657CA0632ED}"
EndProject
Global
	GlobalSection(SolutionConfigurationPlatforms) = preSolution
		Debug|Any CPU = Debug|Any CPU
		Release|Any CPU = Release|Any CPU
	EndGlobalSection
	GlobalSection(ProjectConfigurationPlatforms) = postSolution
		{BB8135FE-9723-4E83-B6BA-2657CA0632ED}.Debug|Any CPU.ActiveCfg = Debug|Any CPU
		{BB8135FE-9723-4E83-B6BA-2657CA0632ED}.Debug|Any CPU.Build.0 = Debug|Any CPU
		{BB8135FE-9723-4E83-B6BA-2657CA0632ED}.Release|Any CPU.ActiveCfg = Release|Any CPU
		{BB8135FE-9723-4E83-B6BA-2657CA0632ED}.Release|Any CPU.Build.0 = Release|Any CPU
	EndGlobalSection
	GlobalSection(SolutionProperties) = preSolution
		HideSolutionNode = FALSE
	EndGlobalSection
	GlobalSection(ExtensibilityGlobals) = postSolution
		SolutionGuid = {129D1D29-62CB-4A32-9403-46746BEE8D05}
	EndGlobalSection
EndGlobal
