
Microsoft Visual Studio Solution File, Format Version 12.00
# Visual Studio 15
VisualStudioVersion = 15.0.27428.2027
MinimumVisualStudioVersion = 10.0.40219.1
Project("{FAE04EC0-301F-11D3-BF4B-00C04F79EFBC}") = "Ovning 6.4", "Ovning 6.4\Ovning 6.4.csproj", "{6B224880-78C6-4E8F-8968-5924A55A9ED2}"
EndProject
Global
	GlobalSection(SolutionConfigurationPlatforms) = preSolution
		Debug|Any CPU = Debug|Any CPU
		Release|Any CPU = Release|Any CPU
	EndGlobalSection
	GlobalSection(ProjectConfigurationPlatforms) = postSolution
		{6B224880-78C6-4E8F-8968-5924A55A9ED2}.Debug|Any CPU.ActiveCfg = Debug|Any CPU
		{6B224880-78C6-4E8F-8968-5924A55A9ED2}.Debug|Any CPU.Build.0 = Debug|Any CPU
		{6B224880-78C6-4E8F-8968-5924A55A9ED2}.Release|Any CPU.ActiveCfg = Release|Any CPU
		{6B224880-78C6-4E8F-8968-5924A55A9ED2}.Release|Any CPU.Build.0 = Release|Any CPU
	EndGlobalSection
	GlobalSection(SolutionProperties) = preSolution
		HideSolutionNode = FALSE
	EndGlobalSection
	GlobalSection(ExtensibilityGlobals) = postSolution
		SolutionGuid = {28EF6F27-A45F-41A8-B2A6-42E4D26AD6B3}
	EndGlobalSection
EndGlobal
