
Microsoft Visual Studio Solution File, Format Version 12.00
# Visual Studio 15
VisualStudioVersion = 15.0.27428.2027
MinimumVisualStudioVersion = 10.0.40219.1
Project("{FAE04EC0-301F-11D3-BF4B-00C04F79EFBC}") = "Testingtesting2", "Testingtesting2\Testingtesting2.csproj", "{86A82378-895B-49FC-BCA1-E957D99BFCEB}"
EndProject
Global
	GlobalSection(SolutionConfigurationPlatforms) = preSolution
		Debug|Any CPU = Debug|Any CPU
		Release|Any CPU = Release|Any CPU
	EndGlobalSection
	GlobalSection(ProjectConfigurationPlatforms) = postSolution
		{86A82378-895B-49FC-BCA1-E957D99BFCEB}.Debug|Any CPU.ActiveCfg = Debug|Any CPU
		{86A82378-895B-49FC-BCA1-E957D99BFCEB}.Debug|Any CPU.Build.0 = Debug|Any CPU
		{86A82378-895B-49FC-BCA1-E957D99BFCEB}.Release|Any CPU.ActiveCfg = Release|Any CPU
		{86A82378-895B-49FC-BCA1-E957D99BFCEB}.Release|Any CPU.Build.0 = Release|Any CPU
	EndGlobalSection
	GlobalSection(SolutionProperties) = preSolution
		HideSolutionNode = FALSE
	EndGlobalSection
	GlobalSection(ExtensibilityGlobals) = postSolution
		SolutionGuid = {E7A2B88E-1133-48DC-9BAD-C060EB902420}
	EndGlobalSection
EndGlobal
