
Microsoft Visual Studio Solution File, Format Version 12.00
# Visual Studio 15
VisualStudioVersion = 15.0.28010.2026
MinimumVisualStudioVersion = 10.0.40219.1
Project("{FAE04EC0-301F-11D3-BF4B-00C04F79EFBC}") = "Tomtenissar", "Tomtenissar\Tomtenissar.csproj", "{B42058E6-38C6-4BDB-A789-EEDD2D329138}"
EndProject
Global
	GlobalSection(SolutionConfigurationPlatforms) = preSolution
		Debug|Any CPU = Debug|Any CPU
		Release|Any CPU = Release|Any CPU
	EndGlobalSection
	GlobalSection(ProjectConfigurationPlatforms) = postSolution
		{B42058E6-38C6-4BDB-A789-EEDD2D329138}.Debug|Any CPU.ActiveCfg = Debug|Any CPU
		{B42058E6-38C6-4BDB-A789-EEDD2D329138}.Debug|Any CPU.Build.0 = Debug|Any CPU
		{B42058E6-38C6-4BDB-A789-EEDD2D329138}.Release|Any CPU.ActiveCfg = Release|Any CPU
		{B42058E6-38C6-4BDB-A789-EEDD2D329138}.Release|Any CPU.Build.0 = Release|Any CPU
	EndGlobalSection
	GlobalSection(SolutionProperties) = preSolution
		HideSolutionNode = FALSE
	EndGlobalSection
	GlobalSection(ExtensibilityGlobals) = postSolution
		SolutionGuid = {CC7CADC0-F746-4900-9EA1-E8AE9990D2F9}
	EndGlobalSection
EndGlobal
