
Microsoft Visual Studio Solution File, Format Version 12.00
# Visual Studio 15
VisualStudioVersion = 15.0.27428.2027
MinimumVisualStudioVersion = 10.0.40219.1
Project("{FAE04EC0-301F-11D3-BF4B-00C04F79EFBC}") = "ExempelTvådimensionellVektor", "ExempelTvådimensionellVektor\ExempelTvådimensionellVektor.csproj", "{8F324908-5972-49FF-9BA2-B389F7454F95}"
EndProject
Global
	GlobalSection(SolutionConfigurationPlatforms) = preSolution
		Debug|Any CPU = Debug|Any CPU
		Release|Any CPU = Release|Any CPU
	EndGlobalSection
	GlobalSection(ProjectConfigurationPlatforms) = postSolution
		{8F324908-5972-49FF-9BA2-B389F7454F95}.Debug|Any CPU.ActiveCfg = Debug|Any CPU
		{8F324908-5972-49FF-9BA2-B389F7454F95}.Debug|Any CPU.Build.0 = Debug|Any CPU
		{8F324908-5972-49FF-9BA2-B389F7454F95}.Release|Any CPU.ActiveCfg = Release|Any CPU
		{8F324908-5972-49FF-9BA2-B389F7454F95}.Release|Any CPU.Build.0 = Release|Any CPU
	EndGlobalSection
	GlobalSection(SolutionProperties) = preSolution
		HideSolutionNode = FALSE
	EndGlobalSection
	GlobalSection(ExtensibilityGlobals) = postSolution
		SolutionGuid = {2A95B7BF-82E0-407F-BE3D-E7ECD4AF5A1D}
	EndGlobalSection
EndGlobal
