
Microsoft Visual Studio Solution File, Format Version 12.00
# Visual Studio 15
VisualStudioVersion = 15.0.27428.2027
MinimumVisualStudioVersion = 10.0.40219.1
Project("{FAE04EC0-301F-11D3-BF4B-00C04F79EFBC}") = "Exempel på Property", "Exempel på Property\Exempel på Property.csproj", "{A5097853-3E73-4A8B-9801-4DF475DB8936}"
EndProject
Global
	GlobalSection(SolutionConfigurationPlatforms) = preSolution
		Debug|Any CPU = Debug|Any CPU
		Release|Any CPU = Release|Any CPU
	EndGlobalSection
	GlobalSection(ProjectConfigurationPlatforms) = postSolution
		{A5097853-3E73-4A8B-9801-4DF475DB8936}.Debug|Any CPU.ActiveCfg = Debug|Any CPU
		{A5097853-3E73-4A8B-9801-4DF475DB8936}.Debug|Any CPU.Build.0 = Debug|Any CPU
		{A5097853-3E73-4A8B-9801-4DF475DB8936}.Release|Any CPU.ActiveCfg = Release|Any CPU
		{A5097853-3E73-4A8B-9801-4DF475DB8936}.Release|Any CPU.Build.0 = Release|Any CPU
	EndGlobalSection
	GlobalSection(SolutionProperties) = preSolution
		HideSolutionNode = FALSE
	EndGlobalSection
	GlobalSection(ExtensibilityGlobals) = postSolution
		SolutionGuid = {BA70346C-6191-411E-A2BD-171946A1E7DB}
	EndGlobalSection
EndGlobal
