
Microsoft Visual Studio Solution File, Format Version 12.00
# Visual Studio 15
VisualStudioVersion = 15.0.27428.2027
MinimumVisualStudioVersion = 10.0.40219.1
Project("{FAE04EC0-301F-11D3-BF4B-00C04F79EFBC}") = "Ovning 3.1", "Ovning 3.1\Ovning 3.1.csproj", "{40E1B9EF-DD73-431B-AD48-FF6842307C07}"
EndProject
Global
	GlobalSection(SolutionConfigurationPlatforms) = preSolution
		Debug|Any CPU = Debug|Any CPU
		Release|Any CPU = Release|Any CPU
	EndGlobalSection
	GlobalSection(ProjectConfigurationPlatforms) = postSolution
		{40E1B9EF-DD73-431B-AD48-FF6842307C07}.Debug|Any CPU.ActiveCfg = Debug|Any CPU
		{40E1B9EF-DD73-431B-AD48-FF6842307C07}.Debug|Any CPU.Build.0 = Debug|Any CPU
		{40E1B9EF-DD73-431B-AD48-FF6842307C07}.Release|Any CPU.ActiveCfg = Release|Any CPU
		{40E1B9EF-DD73-431B-AD48-FF6842307C07}.Release|Any CPU.Build.0 = Release|Any CPU
	EndGlobalSection
	GlobalSection(SolutionProperties) = preSolution
		HideSolutionNode = FALSE
	EndGlobalSection
	GlobalSection(ExtensibilityGlobals) = postSolution
		SolutionGuid = {B7F3309F-DC42-4B73-BD8C-D7B796F1381B}
	EndGlobalSection
EndGlobal
