
Microsoft Visual Studio Solution File, Format Version 12.00
# Visual Studio 15
VisualStudioVersion = 15.0.27428.2027
MinimumVisualStudioVersion = 10.0.40219.1
Project("{FAE04EC0-301F-11D3-BF4B-00C04F79EFBC}") = "Ovning712", "Ovning712\Ovning712.csproj", "{689F5ABE-FA25-4E72-9A74-F062A24ED47F}"
EndProject
Global
	GlobalSection(SolutionConfigurationPlatforms) = preSolution
		Debug|Any CPU = Debug|Any CPU
		Release|Any CPU = Release|Any CPU
	EndGlobalSection
	GlobalSection(ProjectConfigurationPlatforms) = postSolution
		{689F5ABE-FA25-4E72-9A74-F062A24ED47F}.Debug|Any CPU.ActiveCfg = Debug|Any CPU
		{689F5ABE-FA25-4E72-9A74-F062A24ED47F}.Debug|Any CPU.Build.0 = Debug|Any CPU
		{689F5ABE-FA25-4E72-9A74-F062A24ED47F}.Release|Any CPU.ActiveCfg = Release|Any CPU
		{689F5ABE-FA25-4E72-9A74-F062A24ED47F}.Release|Any CPU.Build.0 = Release|Any CPU
	EndGlobalSection
	GlobalSection(SolutionProperties) = preSolution
		HideSolutionNode = FALSE
	EndGlobalSection
	GlobalSection(ExtensibilityGlobals) = postSolution
		SolutionGuid = {CE4AD0B3-583C-425C-96AE-E19793CB6671}
	EndGlobalSection
EndGlobal
