
Microsoft Visual Studio Solution File, Format Version 12.00
# Visual Studio 15
VisualStudioVersion = 15.0.27428.2027
MinimumVisualStudioVersion = 10.0.40219.1
Project("{FAE04EC0-301F-11D3-BF4B-00C04F79EFBC}") = "List Collection Class", "List Collection Class\List Collection Class.csproj", "{184E968B-DF79-42F6-89F8-7F72BDE46F09}"
EndProject
Global
	GlobalSection(SolutionConfigurationPlatforms) = preSolution
		Debug|Any CPU = Debug|Any CPU
		Release|Any CPU = Release|Any CPU
	EndGlobalSection
	GlobalSection(ProjectConfigurationPlatforms) = postSolution
		{184E968B-DF79-42F6-89F8-7F72BDE46F09}.Debug|Any CPU.ActiveCfg = Debug|Any CPU
		{184E968B-DF79-42F6-89F8-7F72BDE46F09}.Debug|Any CPU.Build.0 = Debug|Any CPU
		{184E968B-DF79-42F6-89F8-7F72BDE46F09}.Release|Any CPU.ActiveCfg = Release|Any CPU
		{184E968B-DF79-42F6-89F8-7F72BDE46F09}.Release|Any CPU.Build.0 = Release|Any CPU
	EndGlobalSection
	GlobalSection(SolutionProperties) = preSolution
		HideSolutionNode = FALSE
	EndGlobalSection
	GlobalSection(ExtensibilityGlobals) = postSolution
		SolutionGuid = {5BC671B4-DBE5-40F5-9201-909F380F12CB}
	EndGlobalSection
EndGlobal
