
Microsoft Visual Studio Solution File, Format Version 12.00
# Visual Studio 15
VisualStudioVersion = 15.0.27428.2027
MinimumVisualStudioVersion = 10.0.40219.1
Project("{FAE04EC0-301F-11D3-BF4B-00C04F79EFBC}") = "Ovning6.5", "Ovning6.5\Ovning6.5.csproj", "{42E5C5A0-48E2-4560-9D85-27C78262EF3F}"
EndProject
Global
	GlobalSection(SolutionConfigurationPlatforms) = preSolution
		Debug|Any CPU = Debug|Any CPU
		Release|Any CPU = Release|Any CPU
	EndGlobalSection
	GlobalSection(ProjectConfigurationPlatforms) = postSolution
		{42E5C5A0-48E2-4560-9D85-27C78262EF3F}.Debug|Any CPU.ActiveCfg = Debug|Any CPU
		{42E5C5A0-48E2-4560-9D85-27C78262EF3F}.Debug|Any CPU.Build.0 = Debug|Any CPU
		{42E5C5A0-48E2-4560-9D85-27C78262EF3F}.Release|Any CPU.ActiveCfg = Release|Any CPU
		{42E5C5A0-48E2-4560-9D85-27C78262EF3F}.Release|Any CPU.Build.0 = Release|Any CPU
	EndGlobalSection
	GlobalSection(SolutionProperties) = preSolution
		HideSolutionNode = FALSE
	EndGlobalSection
	GlobalSection(ExtensibilityGlobals) = postSolution
		SolutionGuid = {0E5BB3C2-F402-44E6-9837-6AE950145618}
	EndGlobalSection
EndGlobal
