
Microsoft Visual Studio Solution File, Format Version 12.00
# Visual Studio 15
VisualStudioVersion = 15.0.27428.2027
MinimumVisualStudioVersion = 10.0.40219.1
Project("{FAE04EC0-301F-11D3-BF4B-00C04F79EFBC}") = "AnnanCheckPoint", "AnnanCheckPoint\AnnanCheckPoint.csproj", "{2514ED62-5B7E-4329-8DE5-E84239400591}"
EndProject
Global
	GlobalSection(SolutionConfigurationPlatforms) = preSolution
		Debug|Any CPU = Debug|Any CPU
		Release|Any CPU = Release|Any CPU
	EndGlobalSection
	GlobalSection(ProjectConfigurationPlatforms) = postSolution
		{2514ED62-5B7E-4329-8DE5-E84239400591}.Debug|Any CPU.ActiveCfg = Debug|Any CPU
		{2514ED62-5B7E-4329-8DE5-E84239400591}.Debug|Any CPU.Build.0 = Debug|Any CPU
		{2514ED62-5B7E-4329-8DE5-E84239400591}.Release|Any CPU.ActiveCfg = Release|Any CPU
		{2514ED62-5B7E-4329-8DE5-E84239400591}.Release|Any CPU.Build.0 = Release|Any CPU
	EndGlobalSection
	GlobalSection(SolutionProperties) = preSolution
		HideSolutionNode = FALSE
	EndGlobalSection
	GlobalSection(ExtensibilityGlobals) = postSolution
		SolutionGuid = {322B8056-9069-4594-A498-21F39DE16A8F}
	EndGlobalSection
EndGlobal
