
Microsoft Visual Studio Solution File, Format Version 12.00
# Visual Studio 15
VisualStudioVersion = 15.0.27428.2027
MinimumVisualStudioVersion = 10.0.40219.1
Project("{FAE04EC0-301F-11D3-BF4B-00C04F79EFBC}") = "Sort a list of simple type", "Sort a list of simple type\Sort a list of simple type.csproj", "{33290D59-925A-4C66-91B9-4429F51EDDD7}"
EndProject
Global
	GlobalSection(SolutionConfigurationPlatforms) = preSolution
		Debug|Any CPU = Debug|Any CPU
		Release|Any CPU = Release|Any CPU
	EndGlobalSection
	GlobalSection(ProjectConfigurationPlatforms) = postSolution
		{33290D59-925A-4C66-91B9-4429F51EDDD7}.Debug|Any CPU.ActiveCfg = Debug|Any CPU
		{33290D59-925A-4C66-91B9-4429F51EDDD7}.Debug|Any CPU.Build.0 = Debug|Any CPU
		{33290D59-925A-4C66-91B9-4429F51EDDD7}.Release|Any CPU.ActiveCfg = Release|Any CPU
		{33290D59-925A-4C66-91B9-4429F51EDDD7}.Release|Any CPU.Build.0 = Release|Any CPU
	EndGlobalSection
	GlobalSection(SolutionProperties) = preSolution
		HideSolutionNode = FALSE
	EndGlobalSection
	GlobalSection(ExtensibilityGlobals) = postSolution
		SolutionGuid = {963560BF-6936-4047-8646-4F4AE07C84C9}
	EndGlobalSection
EndGlobal
