
Microsoft Visual Studio Solution File, Format Version 12.00
# Visual Studio 15
VisualStudioVersion = 15.0.27428.2027
MinimumVisualStudioVersion = 10.0.40219.1
Project("{FAE04EC0-301F-11D3-BF4B-00C04F79EFBC}") = "ConsoleApp5", "ConsoleApp5\ConsoleApp5.csproj", "{2860718A-0233-4EDB-BB1B-7A35F594F5BE}"
EndProject
Global
	GlobalSection(SolutionConfigurationPlatforms) = preSolution
		Debug|Any CPU = Debug|Any CPU
		Release|Any CPU = Release|Any CPU
	EndGlobalSection
	GlobalSection(ProjectConfigurationPlatforms) = postSolution
		{2860718A-0233-4EDB-BB1B-7A35F594F5BE}.Debug|Any CPU.ActiveCfg = Debug|Any CPU
		{2860718A-0233-4EDB-BB1B-7A35F594F5BE}.Debug|Any CPU.Build.0 = Debug|Any CPU
		{2860718A-0233-4EDB-BB1B-7A35F594F5BE}.Release|Any CPU.ActiveCfg = Release|Any CPU
		{2860718A-0233-4EDB-BB1B-7A35F594F5BE}.Release|Any CPU.Build.0 = Release|Any CPU
	EndGlobalSection
	GlobalSection(SolutionProperties) = preSolution
		HideSolutionNode = FALSE
	EndGlobalSection
	GlobalSection(ExtensibilityGlobals) = postSolution
		SolutionGuid = {E88A0720-6E67-411F-872E-D88B173CDEC7}
	EndGlobalSection
EndGlobal
