
Microsoft Visual Studio Solution File, Format Version 12.00
# Visual Studio 15
VisualStudioVersion = 15.0.27428.2027
MinimumVisualStudioVersion = 10.0.40219.1
Project("{FAE04EC0-301F-11D3-BF4B-00C04F79EFBC}") = "Ovning 113 Addera", "Ovning 113 Addera\Ovning 113 Addera.csproj", "{F8790EB7-B30A-4C99-958A-0D21A8E871DE}"
EndProject
Global
	GlobalSection(SolutionConfigurationPlatforms) = preSolution
		Debug|Any CPU = Debug|Any CPU
		Release|Any CPU = Release|Any CPU
	EndGlobalSection
	GlobalSection(ProjectConfigurationPlatforms) = postSolution
		{F8790EB7-B30A-4C99-958A-0D21A8E871DE}.Debug|Any CPU.ActiveCfg = Debug|Any CPU
		{F8790EB7-B30A-4C99-958A-0D21A8E871DE}.Debug|Any CPU.Build.0 = Debug|Any CPU
		{F8790EB7-B30A-4C99-958A-0D21A8E871DE}.Release|Any CPU.ActiveCfg = Release|Any CPU
		{F8790EB7-B30A-4C99-958A-0D21A8E871DE}.Release|Any CPU.Build.0 = Release|Any CPU
	EndGlobalSection
	GlobalSection(SolutionProperties) = preSolution
		HideSolutionNode = FALSE
	EndGlobalSection
	GlobalSection(ExtensibilityGlobals) = postSolution
		SolutionGuid = {CA7566D6-0928-41B4-B64F-F4A29F52D20A}
	EndGlobalSection
EndGlobal
