
Microsoft Visual Studio Solution File, Format Version 12.00
# Visual Studio 15
VisualStudioVersion = 15.0.27428.2027
MinimumVisualStudioVersion = 10.0.40219.1
Project("{FAE04EC0-301F-11D3-BF4B-00C04F79EFBC}") = "Ovning731", "Ovning731\Ovning731.csproj", "{D8F76BA4-3965-468D-9C47-888B94C34184}"
EndProject
Global
	GlobalSection(SolutionConfigurationPlatforms) = preSolution
		Debug|Any CPU = Debug|Any CPU
		Release|Any CPU = Release|Any CPU
	EndGlobalSection
	GlobalSection(ProjectConfigurationPlatforms) = postSolution
		{D8F76BA4-3965-468D-9C47-888B94C34184}.Debug|Any CPU.ActiveCfg = Debug|Any CPU
		{D8F76BA4-3965-468D-9C47-888B94C34184}.Debug|Any CPU.Build.0 = Debug|Any CPU
		{D8F76BA4-3965-468D-9C47-888B94C34184}.Release|Any CPU.ActiveCfg = Release|Any CPU
		{D8F76BA4-3965-468D-9C47-888B94C34184}.Release|Any CPU.Build.0 = Release|Any CPU
	EndGlobalSection
	GlobalSection(SolutionProperties) = preSolution
		HideSolutionNode = FALSE
	EndGlobalSection
	GlobalSection(ExtensibilityGlobals) = postSolution
		SolutionGuid = {91E73B32-97EC-4472-86EB-776B728FD9F1}
	EndGlobalSection
EndGlobal
