
Microsoft Visual Studio Solution File, Format Version 12.00
# Visual Studio 15
VisualStudioVersion = 15.0.28010.2026
MinimumVisualStudioVersion = 10.0.40219.1
Project("{FAE04EC0-301F-11D3-BF4B-00C04F79EFBC}") = "ProductsApp", "ProductsApp\ProductsApp.csproj", "{3D9DF909-C6BF-411D-9F82-E5F6322995E5}"
EndProject
Global
	GlobalSection(SolutionConfigurationPlatforms) = preSolution
		Debug|Any CPU = Debug|Any CPU
		Release|Any CPU = Release|Any CPU
	EndGlobalSection
	GlobalSection(ProjectConfigurationPlatforms) = postSolution
		{3D9DF909-C6BF-411D-9F82-E5F6322995E5}.Debug|Any CPU.ActiveCfg = Debug|Any CPU
		{3D9DF909-C6BF-411D-9F82-E5F6322995E5}.Debug|Any CPU.Build.0 = Debug|Any CPU
		{3D9DF909-C6BF-411D-9F82-E5F6322995E5}.Release|Any CPU.ActiveCfg = Release|Any CPU
		{3D9DF909-C6BF-411D-9F82-E5F6322995E5}.Release|Any CPU.Build.0 = Release|Any CPU
	EndGlobalSection
	GlobalSection(SolutionProperties) = preSolution
		HideSolutionNode = FALSE
	EndGlobalSection
	GlobalSection(ExtensibilityGlobals) = postSolution
		SolutionGuid = {DD0D2E5A-851B-4E2E-AD50-F90754AA8025}
	EndGlobalSection
EndGlobal
