
Microsoft Visual Studio Solution File, Format Version 12.00
# Visual Studio 15
VisualStudioVersion = 15.0.27428.2027
MinimumVisualStudioVersion = 10.0.40219.1
Project("{FAE04EC0-301F-11D3-BF4B-00C04F79EFBC}") = "Ovning118", "Ovning118\Ovning118.csproj", "{4D06257F-9638-4F26-A87A-C7714580B181}"
EndProject
Global
	GlobalSection(SolutionConfigurationPlatforms) = preSolution
		Debug|Any CPU = Debug|Any CPU
		Release|Any CPU = Release|Any CPU
	EndGlobalSection
	GlobalSection(ProjectConfigurationPlatforms) = postSolution
		{4D06257F-9638-4F26-A87A-C7714580B181}.Debug|Any CPU.ActiveCfg = Debug|Any CPU
		{4D06257F-9638-4F26-A87A-C7714580B181}.Debug|Any CPU.Build.0 = Debug|Any CPU
		{4D06257F-9638-4F26-A87A-C7714580B181}.Release|Any CPU.ActiveCfg = Release|Any CPU
		{4D06257F-9638-4F26-A87A-C7714580B181}.Release|Any CPU.Build.0 = Release|Any CPU
	EndGlobalSection
	GlobalSection(SolutionProperties) = preSolution
		HideSolutionNode = FALSE
	EndGlobalSection
	GlobalSection(ExtensibilityGlobals) = postSolution
		SolutionGuid = {9EEB31AC-71C2-48DF-A0DE-885540EC1207}
	EndGlobalSection
EndGlobal
