
Microsoft Visual Studio Solution File, Format Version 12.00
# Visual Studio 15
VisualStudioVersion = 15.0.27428.2027
MinimumVisualStudioVersion = 10.0.40219.1
Project("{FAE04EC0-301F-11D3-BF4B-00C04F79EFBC}") = "Ovning 12.2 Custom interfaces", "Ovning 12.2 Custom interfaces\Ovning 12.2 Custom interfaces.csproj", "{44EBF98B-2B55-4147-BFA5-D8E8F3767BBF}"
EndProject
Global
	GlobalSection(SolutionConfigurationPlatforms) = preSolution
		Debug|Any CPU = Debug|Any CPU
		Release|Any CPU = Release|Any CPU
	EndGlobalSection
	GlobalSection(ProjectConfigurationPlatforms) = postSolution
		{44EBF98B-2B55-4147-BFA5-D8E8F3767BBF}.Debug|Any CPU.ActiveCfg = Debug|Any CPU
		{44EBF98B-2B55-4147-BFA5-D8E8F3767BBF}.Debug|Any CPU.Build.0 = Debug|Any CPU
		{44EBF98B-2B55-4147-BFA5-D8E8F3767BBF}.Release|Any CPU.ActiveCfg = Release|Any CPU
		{44EBF98B-2B55-4147-BFA5-D8E8F3767BBF}.Release|Any CPU.Build.0 = Release|Any CPU
	EndGlobalSection
	GlobalSection(SolutionProperties) = preSolution
		HideSolutionNode = FALSE
	EndGlobalSection
	GlobalSection(ExtensibilityGlobals) = postSolution
		SolutionGuid = {2A576F1F-8B4F-4882-B9BE-3B556E09E5EB}
	EndGlobalSection
EndGlobal
