
Microsoft Visual Studio Solution File, Format Version 12.00
# Visual Studio 15
VisualStudioVersion = 15.0.27428.2027
MinimumVisualStudioVersion = 10.0.40219.1
Project("{FAE04EC0-301F-11D3-BF4B-00C04F79EFBC}") = "LösningPåCheckpoint2", "LösningPåCheckpoint2\LösningPåCheckpoint2.csproj", "{B2873C8C-142E-437D-AD6D-C5582584DE63}"
EndProject
Global
	GlobalSection(SolutionConfigurationPlatforms) = preSolution
		Debug|Any CPU = Debug|Any CPU
		Release|Any CPU = Release|Any CPU
	EndGlobalSection
	GlobalSection(ProjectConfigurationPlatforms) = postSolution
		{B2873C8C-142E-437D-AD6D-C5582584DE63}.Debug|Any CPU.ActiveCfg = Debug|Any CPU
		{B2873C8C-142E-437D-AD6D-C5582584DE63}.Debug|Any CPU.Build.0 = Debug|Any CPU
		{B2873C8C-142E-437D-AD6D-C5582584DE63}.Release|Any CPU.ActiveCfg = Release|Any CPU
		{B2873C8C-142E-437D-AD6D-C5582584DE63}.Release|Any CPU.Build.0 = Release|Any CPU
	EndGlobalSection
	GlobalSection(SolutionProperties) = preSolution
		HideSolutionNode = FALSE
	EndGlobalSection
	GlobalSection(ExtensibilityGlobals) = postSolution
		SolutionGuid = {752264CF-240E-478E-8F4E-34D8CC2C1BF9}
	EndGlobalSection
EndGlobal
