
Microsoft Visual Studio Solution File, Format Version 12.00
# Visual Studio 15
VisualStudioVersion = 15.0.27428.2027
MinimumVisualStudioVersion = 10.0.40219.1
Project("{FAE04EC0-301F-11D3-BF4B-00C04F79EFBC}") = "Ovning3.6", "Ovning3.6\Ovning3.6.csproj", "{721AA33F-E9BC-4F81-85CA-488DDD71FD3A}"
EndProject
Global
	GlobalSection(SolutionConfigurationPlatforms) = preSolution
		Debug|Any CPU = Debug|Any CPU
		Release|Any CPU = Release|Any CPU
	EndGlobalSection
	GlobalSection(ProjectConfigurationPlatforms) = postSolution
		{721AA33F-E9BC-4F81-85CA-488DDD71FD3A}.Debug|Any CPU.ActiveCfg = Debug|Any CPU
		{721AA33F-E9BC-4F81-85CA-488DDD71FD3A}.Debug|Any CPU.Build.0 = Debug|Any CPU
		{721AA33F-E9BC-4F81-85CA-488DDD71FD3A}.Release|Any CPU.ActiveCfg = Release|Any CPU
		{721AA33F-E9BC-4F81-85CA-488DDD71FD3A}.Release|Any CPU.Build.0 = Release|Any CPU
	EndGlobalSection
	GlobalSection(SolutionProperties) = preSolution
		HideSolutionNode = FALSE
	EndGlobalSection
	GlobalSection(ExtensibilityGlobals) = postSolution
		SolutionGuid = {C7F63D15-395E-4DF3-88A0-37F57E752E33}
	EndGlobalSection
EndGlobal
