
Microsoft Visual Studio Solution File, Format Version 12.00
# Visual Studio 15
VisualStudioVersion = 15.0.27428.2027
MinimumVisualStudioVersion = 10.0.40219.1
Project("{FAE04EC0-301F-11D3-BF4B-00C04F79EFBC}") = "WorkingWithCollections", "WorkingWithCollections\WorkingWithCollections.csproj", "{DD19CEFE-EE55-4B06-BA64-0CE36AF59CC1}"
EndProject
Global
	GlobalSection(SolutionConfigurationPlatforms) = preSolution
		Debug|Any CPU = Debug|Any CPU
		Release|Any CPU = Release|Any CPU
	EndGlobalSection
	GlobalSection(ProjectConfigurationPlatforms) = postSolution
		{DD19CEFE-EE55-4B06-BA64-0CE36AF59CC1}.Debug|Any CPU.ActiveCfg = Debug|Any CPU
		{DD19CEFE-EE55-4B06-BA64-0CE36AF59CC1}.Debug|Any CPU.Build.0 = Debug|Any CPU
		{DD19CEFE-EE55-4B06-BA64-0CE36AF59CC1}.Release|Any CPU.ActiveCfg = Release|Any CPU
		{DD19CEFE-EE55-4B06-BA64-0CE36AF59CC1}.Release|Any CPU.Build.0 = Release|Any CPU
	EndGlobalSection
	GlobalSection(SolutionProperties) = preSolution
		HideSolutionNode = FALSE
	EndGlobalSection
	GlobalSection(ExtensibilityGlobals) = postSolution
		SolutionGuid = {14422B90-860C-4E48-A89F-8C6A3FB9C988}
	EndGlobalSection
EndGlobal
