
Microsoft Visual Studio Solution File, Format Version 12.00
# Visual Studio 15
VisualStudioVersion = 15.0.27428.2027
MinimumVisualStudioVersion = 10.0.40219.1
Project("{FAE04EC0-301F-11D3-BF4B-00C04F79EFBC}") = "LOOps", "LOOps\LOOps.csproj", "{BBAE0784-43EE-4BEC-BC57-806903270EE4}"
EndProject
Global
	GlobalSection(SolutionConfigurationPlatforms) = preSolution
		Debug|Any CPU = Debug|Any CPU
		Release|Any CPU = Release|Any CPU
	EndGlobalSection
	GlobalSection(ProjectConfigurationPlatforms) = postSolution
		{BBAE0784-43EE-4BEC-BC57-806903270EE4}.Debug|Any CPU.ActiveCfg = Debug|Any CPU
		{BBAE0784-43EE-4BEC-BC57-806903270EE4}.Debug|Any CPU.Build.0 = Debug|Any CPU
		{BBAE0784-43EE-4BEC-BC57-806903270EE4}.Release|Any CPU.ActiveCfg = Release|Any CPU
		{BBAE0784-43EE-4BEC-BC57-806903270EE4}.Release|Any CPU.Build.0 = Release|Any CPU
	EndGlobalSection
	GlobalSection(SolutionProperties) = preSolution
		HideSolutionNode = FALSE
	EndGlobalSection
	GlobalSection(ExtensibilityGlobals) = postSolution
		SolutionGuid = {46D7B56D-65F2-41FD-B77E-DC80F1ABF28A}
	EndGlobalSection
EndGlobal
