
Microsoft Visual Studio Solution File, Format Version 12.00
# Visual Studio 15
VisualStudioVersion = 15.0.27428.2027
MinimumVisualStudioVersion = 10.0.40219.1
Project("{FAE04EC0-301F-11D3-BF4B-00C04F79EFBC}") = "EfDemo1", "EfDemo1\EfDemo1.csproj", "{29FAA302-0CDE-4A57-A66B-BCEEF7BB44AF}"
EndProject
Global
	GlobalSection(SolutionConfigurationPlatforms) = preSolution
		Debug|Any CPU = Debug|Any CPU
		Release|Any CPU = Release|Any CPU
	EndGlobalSection
	GlobalSection(ProjectConfigurationPlatforms) = postSolution
		{29FAA302-0CDE-4A57-A66B-BCEEF7BB44AF}.Debug|Any CPU.ActiveCfg = Debug|Any CPU
		{29FAA302-0CDE-4A57-A66B-BCEEF7BB44AF}.Debug|Any CPU.Build.0 = Debug|Any CPU
		{29FAA302-0CDE-4A57-A66B-BCEEF7BB44AF}.Release|Any CPU.ActiveCfg = Release|Any CPU
		{29FAA302-0CDE-4A57-A66B-BCEEF7BB44AF}.Release|Any CPU.Build.0 = Release|Any CPU
	EndGlobalSection
	GlobalSection(SolutionProperties) = preSolution
		HideSolutionNode = FALSE
	EndGlobalSection
	GlobalSection(ExtensibilityGlobals) = postSolution
		SolutionGuid = {4CDD6935-BFF7-489C-83A5-C8703B748E00}
	EndGlobalSection
EndGlobal
