
Microsoft Visual Studio Solution File, Format Version 12.00
# Visual Studio 15
VisualStudioVersion = 15.0.27428.2027
MinimumVisualStudioVersion = 10.0.40219.1
Project("{FAE04EC0-301F-11D3-BF4B-00C04F79EFBC}") = "ConsoleApp3", "ConsoleApp3\ConsoleApp3.csproj", "{E9BFE16F-A3DB-4FC8-854A-F4FAA2CE21BE}"
EndProject
Global
	GlobalSection(SolutionConfigurationPlatforms) = preSolution
		Debug|Any CPU = Debug|Any CPU
		Release|Any CPU = Release|Any CPU
	EndGlobalSection
	GlobalSection(ProjectConfigurationPlatforms) = postSolution
		{E9BFE16F-A3DB-4FC8-854A-F4FAA2CE21BE}.Debug|Any CPU.ActiveCfg = Debug|Any CPU
		{E9BFE16F-A3DB-4FC8-854A-F4FAA2CE21BE}.Debug|Any CPU.Build.0 = Debug|Any CPU
		{E9BFE16F-A3DB-4FC8-854A-F4FAA2CE21BE}.Release|Any CPU.ActiveCfg = Release|Any CPU
		{E9BFE16F-A3DB-4FC8-854A-F4FAA2CE21BE}.Release|Any CPU.Build.0 = Release|Any CPU
	EndGlobalSection
	GlobalSection(SolutionProperties) = preSolution
		HideSolutionNode = FALSE
	EndGlobalSection
	GlobalSection(ExtensibilityGlobals) = postSolution
		SolutionGuid = {465CA700-B055-4D58-A546-B8055059AC62}
	EndGlobalSection
EndGlobal
